// !$*UTF8*$!
{
	archiveVersion = 1;
	classes = {
	};
	objectVersion = 77;
	objects = {

/* Begin PBXBuildFile section */
		5E5CFC0E2E459C610096813B /* FirebaseAnalytics in Frameworks */ = {isa = PBXBuildFile; productRef = 5E5CFC0D2E459C610096813B /* FirebaseAnalytics */; };
		5E5CFC102E459E770096813B /* FirebaseAuth in Frameworks */ = {isa = PBXBuildFile; productRef = 5E5CFC0F2E459E770096813B /* FirebaseAuth */; };
		5E5CFC122E459E770096813B /* FirebaseCore in Frameworks */ = {isa = PBXBuildFile; productRef = 5E5CFC112E459E770096813B /* FirebaseCore */; };
		5E5CFC142E459E770096813B /* FirebaseFirestore in Frameworks */ = {isa = PBXBuildFile; productRef = 5E5CFC132E459E770096813B /* FirebaseFirestore */; };
/* End PBXBuildFile section */

/* Begin PBXContainerItemProxy section */
		5EFC55542E44227100F7CC2C /* PBXContainerItemProxy */ = {
			isa = PBXContainerItemProxy;
			containerPortal = 5EFC553D2E44226E00F7CC2C /* Project object */;
			proxyType = 1;
			remoteGlobalIDString = 5EFC55442E44226E00F7CC2C;
			remoteInfo = "lyft-up";
		};
		5EFC555E2E44227100F7CC2C /* PBXContainerItemProxy */ = {
			isa = PBXContainerItemProxy;
			containerPortal = 5EFC553D2E44226E00F7CC2C /* Project object */;
			proxyType = 1;
			remoteGlobalIDString = 5EFC55442E44226E00F7CC2C;
			remoteInfo = "lyft-up";
		};
/* End PBXContainerItemProxy section */

/* Begin PBXFileReference section */
		5EFC55452E44226E00F7CC2C /* lyft-up.app */ = {isa = PBXFileReference; explicitFileType = wrapper.application; includeInIndex = 0; path = "lyft-up.app"; sourceTree = BUILT_PRODUCTS_DIR; };
		5EFC55532E44227100F7CC2C /* lyft-upTests.xctest */ = {isa = PBXFileReference; explicitFileType = wrapper.cfbundle; includeInIndex = 0; path = "lyft-upTests.xctest"; sourceTree = BUILT_PRODUCTS_DIR; };
		5EFC555D2E44227100F7CC2C /* lyft-upUITests.xctest */ = {isa = PBXFileReference; explicitFileType = wrapper.cfbundle; includeInIndex = 0; path = "lyft-upUITests.xctest"; sourceTree = BUILT_PRODUCTS_DIR; };
/* End PBXFileReference section */

/* Begin PBXFileSystemSynchronizedRootGroup section */
		5EFC55472E44226E00F7CC2C /* lyft-up */ = {
			isa = PBXFileSystemSynchronizedRootGroup;
			path = "lyft-up";
			sourceTree = "<group>";
		};
		5EFC55562E44227100F7CC2C /* lyft-upTests */ = {
			isa = PBXFileSystemSynchronizedRootGroup;
			path = "lyft-upTests";
			sourceTree = "<group>";
		};
		5EFC55602E44227100F7CC2C /* lyft-upUITests */ = {
			isa = PBXFileSystemSynchronizedRootGroup;
			path = "lyft-upUITests";
			sourceTree = "<group>";
		};
/* End PBXFileSystemSynchronizedRootGroup section */

/* Begin PBXFrameworksBuildPhase section */
		5EFC55422E44226E00F7CC2C /* Frameworks */ = {
			isa = PBXFrameworksBuildPhase;
			buildActionMask = 2147483647;
			files = (
				5E5CFC0E2E459C610096813B /* FirebaseAnalytics in Frameworks */,
				5E5CFC142E459E770096813B /* FirebaseFirestore in Frameworks */,
				5E5CFC122E459E770096813B /* FirebaseCore in Frameworks */,
				5E5CFC102E459E770096813B /* FirebaseAuth in Frameworks */,
			);
			runOnlyForDeploymentPostprocessing = 0;
		};
		5EFC55502E44227100F7CC2C /* Frameworks */ = {
			isa = PBXFrameworksBuildPhase;
			buildActionMask = 2147483647;
			files = (
			);
			runOnlyForDeploymentPostprocessing = 0;
		};
		5EFC555A2E44227100F7CC2C /* Frameworks */ = {
			isa = PBXFrameworksBuildPhase;
			buildActionMask = 2147483647;
			files = (
			);
			runOnlyForDeploymentPostprocessing = 0;
		};
/* End PBXFrameworksBuildPhase section */

/* Begin PBXGroup section */
		5EFC553C2E44226E00F7CC2C = {
			isa = PBXGroup;
			children = (
				5EFC55472E44226E00F7CC2C /* lyft-up */,
				5EFC55562E44227100F7CC2C /* lyft-upTests */,
				5EFC55602E44227100F7CC2C /* lyft-upUITests */,
				5EFC55462E44226E00F7CC2C /* Products */,
			);
			sourceTree = "<group>";
		};
		5EFC55462E44226E00F7CC2C /* Products */ = {
			isa = PBXGroup;
			children = (
				5EFC55452E44226E00F7CC2C /* lyft-up.app */,
				5EFC55532E44227100F7CC2C /* lyft-upTests.xctest */,
				5EFC555D2E44227100F7CC2C /* lyft-upUITests.xctest */,
			);
			name = Products;
			sourceTree = "<group>";
		};
/* End PBXGroup section */

/* Begin PBXNativeTarget section */
		5EFC55442E44226E00F7CC2C /* lyft-up */ = {
			isa = PBXNativeTarget;
			buildConfigurationList = 5EFC55672E44227100F7CC2C /* Build configuration list for PBXNativeTarget "lyft-up" */;
			buildPhases = (
				5EFC55412E44226E00F7CC2C /* Sources */,
				5EFC55422E44226E00F7CC2C /* Frameworks */,
				5EFC55432E44226E00F7CC2C /* Resources */,
			);
			buildRules = (
			);
			dependencies = (
			);
			fileSystemSynchronizedGroups = (
				5EFC55472E44226E00F7CC2C /* lyft-up */,
			);
			name = "lyft-up";
			packageProductDependencies = (
				5E5CFC0D2E459C610096813B /* FirebaseAnalytics */,
				5E5CFC0F2E459E770096813B /* FirebaseAuth */,
				5E5CFC112E459E770096813B /* FirebaseCore */,
				5E5CFC132E459E770096813B /* FirebaseFirestore */,
			);
			productName = "lyft-up";
			productReference = 5EFC55452E44226E00F7CC2C /* lyft-up.app */;
			productType = "com.apple.product-type.application";
		};
		5EFC55522E44227100F7CC2C /* lyft-upTests */ = {
			isa = PBXNativeTarget;
			buildConfigurationList = 5EFC556A2E44227100F7CC2C /* Build configuration list for PBXNativeTarget "lyft-upTests" */;
			buildPhases = (
				5EFC554F2E44227100F7CC2C /* Sources */,
				5EFC55502E44227100F7CC2C /* Frameworks */,
				5EFC55512E44227100F7CC2C /* Resources */,
			);
			buildRules = (
			);
			dependencies = (
				5EFC55552E44227100F7CC2C /* PBXTargetDependency */,
			);
			fileSystemSynchronizedGroups = (
				5EFC55562E44227100F7CC2C /* lyft-upTests */,
			);
			name = "lyft-upTests";
			packageProductDependencies = (
			);
			productName = "lyft-upTests";
			productReference = 5EFC55532E44227100F7CC2C /* lyft-upTests.xctest */;
			productType = "com.apple.product-type.bundle.unit-test";
		};
		5EFC555C2E44227100F7CC2C /* lyft-upUITests */ = {
			isa = PBXNativeTarget;
			buildConfigurationList = 5EFC556D2E44227100F7CC2C /* Build configuration list for PBXNativeTarget "lyft-upUITests" */;
			buildPhases = (
				5EFC55592E44227100F7CC2C /* Sources */,
				5EFC555A2E44227100F7CC2C /* Frameworks */,
				5EFC555B2E44227100F7CC2C /* Resources */,
			);
			buildRules = (
			);
			dependencies = (
				5EFC555F2E44227100F7CC2C /* PBXTargetDependency */,
			);
			fileSystemSynchronizedGroups = (
				5EFC55602E44227100F7CC2C /* lyft-upUITests */,
			);
			name = "lyft-upUITests";
			packageProductDependencies = (
			);
			productName = "lyft-upUITests";
			productReference = 5EFC555D2E44227100F7CC2C /* lyft-upUITests.xctest */;
			productType = "com.apple.product-type.bundle.ui-testing";
		};
/* End PBXNativeTarget section */

/* Begin PBXProject section */
		5EFC553D2E44226E00F7CC2C /* Project object */ = {
			isa = PBXProject;
			attributes = {
				BuildIndependentTargetsInParallel = 1;
				LastSwiftUpdateCheck = 1640;
				LastUpgradeCheck = 1640;
				TargetAttributes = {
					5EFC55442E44226E00F7CC2C = {
						CreatedOnToolsVersion = 16.4;
					};
					5EFC55522E44227100F7CC2C = {
						CreatedOnToolsVersion = 16.4;
						TestTargetID = 5EFC55442E44226E00F7CC2C;
					};
					5EFC555C2E44227100F7CC2C = {
						CreatedOnToolsVersion = 16.4;
						TestTargetID = 5EFC55442E44226E00F7CC2C;
					};
				};
			};
			buildConfigurationList = 5EFC55402E44226E00F7CC2C /* Build configuration list for PBXProject "lyft-up" */;
			developmentRegion = en;
			hasScannedForEncodings = 0;
			knownRegions = (
				en,
				Base,
			);
			mainGroup = 5EFC553C2E44226E00F7CC2C;
			minimizedProjectReferenceProxies = 1;
			packageReferences = (
				5E5CFC0C2E459C610096813B /* XCRemoteSwiftPackageReference "firebase-ios-sdk" */,
			);
			preferredProjectObjectVersion = 77;
			productRefGroup = 5EFC55462E44226E00F7CC2C /* Products */;
			projectDirPath = "";
			projectRoot = "";
			targets = (
				5EFC55442E44226E00F7CC2C /* lyft-up */,
				5EFC55522E44227100F7CC2C /* lyft-upTests */,
				5EFC555C2E44227100F7CC2C /* lyft-upUITests */,
			);
		};
/* End PBXProject section */

/* Begin PBXResourcesBuildPhase section */
		5EFC55432E44226E00F7CC2C /* Resources */ = {
			isa = PBXResourcesBuildPhase;
			buildActionMask = 2147483647;
			files = (
			);
			runOnlyForDeploymentPostprocessing = 0;
		};
		5EFC55512E44227100F7CC2C /* Resources */ = {
			isa = PBXResourcesBuildPhase;
			buildActionMask = 2147483647;
			files = (
			);
			runOnlyForDeploymentPostprocessing = 0;
		};
		5EFC555B2E44227100F7CC2C /* Resources */ = {
			isa = PBXResourcesBuildPhase;
			buildActionMask = 2147483647;
			files = (
			);
			runOnlyForDeploymentPostprocessing = 0;
		};
/* End PBXResourcesBuildPhase section */

/* Begin PBXSourcesBuildPhase section */
		5EFC55412E44226E00F7CC2C /* Sources */ = {
			isa = PBXSourcesBuildPhase;
			buildActionMask = 2147483647;
			files = (
			);
			runOnlyForDeploymentPostprocessing = 0;
		};
		5EFC554F2E44227100F7CC2C /* Sources */ = {
			isa = PBXSourcesBuildPhase;
			buildActionMask = 2147483647;
			files = (
			);
			runOnlyForDeploymentPostprocessing = 0;
		};
		5EFC55592E44227100F7CC2C /* Sources */ = {
			isa = PBXSourcesBuildPhase;
			buildActionMask = 2147483647;
			files = (
			);
			runOnlyForDeploymentPostprocessing = 0;
		};
/* End PBXSourcesBuildPhase section */

/* Begin PBXTargetDependency section */
		5EFC55552E44227100F7CC2C /* PBXTargetDependency */ = {
			isa = PBXTargetDependency;
			target = 5EFC55442E44226E00F7CC2C /* lyft-up */;
			targetProxy = 5EFC55542E44227100F7CC2C /* PBXContainerItemProxy */;
		};
		5EFC555F2E44227100F7CC2C /* PBXTargetDependency */ = {
			isa = PBXTargetDependency;
			target = 5EFC55442E44226E00F7CC2C /* lyft-up */;
			targetProxy = 5EFC555E2E44227100F7CC2C /* PBXContainerItemProxy */;
		};
/* End PBXTargetDependency section */

/* Begin XCBuildConfiguration section */
		5EFC55652E44227100F7CC2C /* Debug */ = {
			isa = XCBuildConfiguration;
			buildSettings = {
				ALWAYS_SEARCH_USER_PATHS = NO;
				ASSETCATALOG_COMPILER_GENERATE_SWIFT_ASSET_SYMBOL_EXTENSIONS = YES;
				CLANG_ANALYZER_NONNULL = YES;
				CLANG_ANALYZER_NUMBER_OBJECT_CONVERSION = YES_AGGRESSIVE;
				CLANG_CXX_LANGUAGE_STANDARD = "gnu++20";
				CLANG_ENABLE_MODULES = YES;
				CLANG_ENABLE_OBJC_ARC = YES;
				CLANG_ENABLE_OBJC_WEAK = YES;
				CLANG_WARN_BLOCK_CAPTURE_AUTORELEASING = YES;
				CLANG_WARN_BOOL_CONVERSION = YES;
				CLANG_WARN_COMMA = YES;
				CLANG_WARN_CONSTANT_CONVERSION = YES;
				CLANG_WARN_DEPRECATED_OBJC_IMPLEMENTATIONS = YES;
				CLANG_WARN_DIRECT_OBJC_ISA_USAGE = YES_ERROR;
				CLANG_WARN_DOCUMENTATION_COMMENTS = YES;
				CLANG_WARN_EMPTY_BODY = YES;
				CLANG_WARN_ENUM_CONVERSION = YES;
				CLANG_WARN_INFINITE_RECURSION = YES;
				CLANG_WARN_INT_CONVERSION = YES;
				CLANG_WARN_NON_LITERAL_NULL_CONVERSION = YES;
				CLANG_WARN_OBJC_IMPLICIT_RETAIN_SELF = YES;
				CLANG_WARN_OBJC_LITERAL_CONVERSION = YES;
				CLANG_WARN_OBJC_ROOT_CLASS = YES_ERROR;
				CLANG_WARN_QUOTED_INCLUDE_IN_FRAMEWORK_HEADER = YES;
				CLANG_WARN_RANGE_LOOP_ANALYSIS = YES;
				CLANG_WARN_STRICT_PROTOTYPES = YES;
				CLANG_WARN_SUSPICIOUS_MOVE = YES;
				CLANG_WARN_UNGUARDED_AVAILABILITY = YES_AGGRESSIVE;
				CLANG_WARN_UNREACHABLE_CODE = YES;
				CLANG_WARN__DUPLICATE_METHOD_MATCH = YES;
				COPY_PHASE_STRIP = NO;
				DEBUG_INFORMATION_FORMAT = dwarf;
				DEVELOPMENT_TEAM = LQ9M637DN6;
				ENABLE_STRICT_OBJC_MSGSEND = YES;
				ENABLE_TESTABILITY = YES;
				ENABLE_USER_SCRIPT_SANDBOXING = YES;
				GCC_C_LANGUAGE_STANDARD = gnu17;
				GCC_DYNAMIC_NO_PIC = NO;
				GCC_NO_COMMON_BLOCKS = YES;
				GCC_OPTIMIZATION_LEVEL = 0;
				GCC_PREPROCESSOR_DEFINITIONS = (
					"DEBUG=1",
					"$(inherited)",
				);
				GCC_WARN_64_TO_32_BIT_CONVERSION = YES;
				GCC_WARN_ABOUT_RETURN_TYPE = YES_ERROR;
				GCC_WARN_UNDECLARED_SELECTOR = YES;
				GCC_WARN_UNINITIALIZED_AUTOS = YES_AGGRESSIVE;
				GCC_WARN_UNUSED_FUNCTION = YES;
				GCC_WARN_UNUSED_VARIABLE = YES;
				LOCALIZATION_PREFERS_STRING_CATALOGS = YES;
				MTL_ENABLE_DEBUG_INFO = INCLUDE_SOURCE;
				MTL_FAST_MATH = YES;
				ONLY_ACTIVE_ARCH = YES;
				SWIFT_ACTIVE_COMPILATION_CONDITIONS = "DEBUG $(inherited)";
				SWIFT_OPTIMIZATION_LEVEL = "-Onone";
			};
			name = Debug;
		};
		5EFC55662E44227100F7CC2C /* Release */ = {
			isa = XCBuildConfiguration;
			buildSettings = {
				ALWAYS_SEARCH_USER_PATHS = NO;
				ASSETCATALOG_COMPILER_GENERATE_SWIFT_ASSET_SYMBOL_EXTENSIONS = YES;
				CLANG_ANALYZER_NONNULL = YES;
				CLANG_ANALYZER_NUMBER_OBJECT_CONVERSION = YES_AGGRESSIVE;
				CLANG_CXX_LANGUAGE_STANDARD = "gnu++20";
				CLANG_ENABLE_MODULES = YES;
				CLANG_ENABLE_OBJC_ARC = YES;
				CLANG_ENABLE_OBJC_WEAK = YES;
				CLANG_WARN_BLOCK_CAPTURE_AUTORELEASING = YES;
				CLANG_WARN_BOOL_CONVERSION = YES;
				CLANG_WARN_COMMA = YES;
				CLANG_WARN_CONSTANT_CONVERSION = YES;
				CLANG_WARN_DEPRECATED_OBJC_IMPLEMENTATIONS = YES;
				CLANG_WARN_DIRECT_OBJC_ISA_USAGE = YES_ERROR;
				CLANG_WARN_DOCUMENTATION_COMMENTS = YES;
				CLANG_WARN_EMPTY_BODY = YES;
				CLANG_WARN_ENUM_CONVERSION = YES;
				CLANG_WARN_INFINITE_RECURSION = YES;
				CLANG_WARN_INT_CONVERSION = YES;
				CLANG_WARN_NON_LITERAL_NULL_CONVERSION = YES;
				CLANG_WARN_OBJC_IMPLICIT_RETAIN_SELF = YES;
				CLANG_WARN_OBJC_LITERAL_CONVERSION = YES;
				CLANG_WARN_OBJC_ROOT_CLASS = YES_ERROR;
				CLANG_WARN_QUOTED_INCLUDE_IN_FRAMEWORK_HEADER = YES;
				CLANG_WARN_RANGE_LOOP_ANALYSIS = YES;
				CLANG_WARN_STRICT_PROTOTYPES = YES;
				CLANG_WARN_SUSPICIOUS_MOVE = YES;
				CLANG_WARN_UNGUARDED_AVAILABILITY = YES_AGGRESSIVE;
				CLANG_WARN_UNREACHABLE_CODE = YES;
				CLANG_WARN__DUPLICATE_METHOD_MATCH = YES;
				COPY_PHASE_STRIP = NO;
				DEBUG_INFORMATION_FORMAT = "dwarf-with-dsym";
				DEVELOPMENT_TEAM = LQ9M637DN6;
				ENABLE_NS_ASSERTIONS = NO;
				ENABLE_STRICT_OBJC_MSGSEND = YES;
				ENABLE_USER_SCRIPT_SANDBOXING = YES;
				GCC_C_LANGUAGE_STANDARD = gnu17;
				GCC_NO_COMMON_BLOCKS = YES;
				GCC_WARN_64_TO_32_BIT_CONVERSION = YES;
				GCC_WARN_ABOUT_RETURN_TYPE = YES_ERROR;
				GCC_WARN_UNDECLARED_SELECTOR = YES;
				GCC_WARN_UNINITIALIZED_AUTOS = YES_AGGRESSIVE;
				GCC_WARN_UNUSED_FUNCTION = YES;
				GCC_WARN_UNUSED_VARIABLE = YES;
				LOCALIZATION_PREFERS_STRING_CATALOGS = YES;
				MTL_ENABLE_DEBUG_INFO = NO;
				MTL_FAST_MATH = YES;
				SWIFT_COMPILATION_MODE = wholemodule;
			};
			name = Release;
		};
		5EFC55682E44227100F7CC2C /* Debug */ = {
			isa = XCBuildConfiguration;
			buildSettings = {
				ASSETCATALOG_COMPILER_APPICON_NAME = AppIcon;
				ASSETCATALOG_COMPILER_GLOBAL_ACCENT_COLOR_NAME = AccentColor;
				CODE_SIGN_ENTITLEMENTS = "lyft-up/lyft_up.entitlements";
				CODE_SIGN_STYLE = Automatic;
				CURRENT_PROJECT_VERSION = 1;
				DEVELOPMENT_TEAM = LQ9M637DN6;
				ENABLE_HARDENED_RUNTIME = YES;
				ENABLE_PREVIEWS = YES;
				GENERATE_INFOPLIST_FILE = YES;
				"INFOPLIST_KEY_UIApplicationSceneManifest_Generation[sdk=iphoneos*]" = YES;
				"INFOPLIST_KEY_UIApplicationSceneManifest_Generation[sdk=iphonesimulator*]" = YES;
				"INFOPLIST_KEY_UIApplicationSupportsIndirectInputEvents[sdk=iphoneos*]" = YES;
				"INFOPLIST_KEY_UIApplicationSupportsIndirectInputEvents[sdk=iphonesimulator*]" = YES;
				"INFOPLIST_KEY_UILaunchScreen_Generation[sdk=iphoneos*]" = YES;
				"INFOPLIST_KEY_UILaunchScreen_Generation[sdk=iphonesimulator*]" = YES;
				"INFOPLIST_KEY_UIStatusBarStyle[sdk=iphoneos*]" = UIStatusBarStyleDefault;
				"INFOPLIST_KEY_UIStatusBarStyle[sdk=iphonesimulator*]" = UIStatusBarStyleDefault;
				INFOPLIST_KEY_UISupportedInterfaceOrientations_iPad = "UIInterfaceOrientationPortrait UIInterfaceOrientationPortraitUpsideDown UIInterfaceOrientationLandscapeLeft UIInterfaceOrientationLandscapeRight";
				INFOPLIST_KEY_UISupportedInterfaceOrientations_iPhone = "UIInterfaceOrientationPortrait UIInterfaceOrientationLandscapeLeft UIInterfaceOrientationLandscapeRight";
				IPHONEOS_DEPLOYMENT_TARGET = 18.5;
				LD_RUNPATH_SEARCH_PATHS = "@executable_path/Frameworks";
				"LD_RUNPATH_SEARCH_PATHS[sdk=macosx*]" = "@executable_path/../Frameworks";
				MACOSX_DEPLOYMENT_TARGET = 15.5;
				MARKETING_VERSION = 1.0;
				PRODUCT_BUNDLE_IDENTIFIER = "com.colinchu.lyft-up";
				PRODUCT_NAME = "$(TARGET_NAME)";
				REGISTER_APP_GROUPS = YES;
				SDKROOT = auto;
				SUPPORTED_PLATFORMS = "iphoneos iphonesimulator macosx xros xrsimulator";
				SWIFT_EMIT_LOC_STRINGS = YES;
				SWIFT_VERSION = 5.0;
				TARGETED_DEVICE_FAMILY = "1,2,7";
				XROS_DEPLOYMENT_TARGET = 2.5;
			};
			name = Debug;
		};
		5EFC55692E44227100F7CC2C /* Release */ = {
			isa = XCBuildConfiguration;
			buildSettings = {
				ASSETCATALOG_COMPILER_APPICON_NAME = AppIcon;
				ASSETCATALOG_COMPILER_GLOBAL_ACCENT_COLOR_NAME = AccentColor;
				CODE_SIGN_ENTITLEMENTS = "lyft-up/lyft_up.entitlements";
				CODE_SIGN_STYLE = Automatic;
				CURRENT_PROJECT_VERSION = 1;
				DEVELOPMENT_TEAM = LQ9M637DN6;
				ENABLE_HARDENED_RUNTIME = YES;
				ENABLE_PREVIEWS = YES;
				GENERATE_INFOPLIST_FILE = YES;
				"INFOPLIST_KEY_UIApplicationSceneManifest_Generation[sdk=iphoneos*]" = YES;
				"INFOPLIST_KEY_UIApplicationSceneManifest_Generation[sdk=iphonesimulator*]" = YES;
				"INFOPLIST_KEY_UIApplicationSupportsIndirectInputEvents[sdk=iphoneos*]" = YES;
				"INFOPLIST_KEY_UIApplicationSupportsIndirectInputEvents[sdk=iphonesimulator*]" = YES;
				"INFOPLIST_KEY_UILaunchScreen_Generation[sdk=iphoneos*]" = YES;
				"INFOPLIST_KEY_UILaunchScreen_Generation[sdk=iphonesimulator*]" = YES;
				"INFOPLIST_KEY_UIStatusBarStyle[sdk=iphoneos*]" = UIStatusBarStyleDefault;
				"INFOPLIST_KEY_UIStatusBarStyle[sdk=iphonesimulator*]" = UIStatusBarStyleDefault;
				INFOPLIST_KEY_UISupportedInterfaceOrientations_iPad = "UIInterfaceOrientationPortrait UIInterfaceOrientationPortraitUpsideDown UIInterfaceOrientationLandscapeLeft UIInterfaceOrientationLandscapeRight";
				INFOPLIST_KEY_UISupportedInterfaceOrientations_iPhone = "UIInterfaceOrientationPortrait UIInterfaceOrientationLandscapeLeft UIInterfaceOrientationLandscapeRight";
				IPHONEOS_DEPLOYMENT_TARGET = 18.5;
				LD_RUNPATH_SEARCH_PATHS = "@executable_path/Frameworks";
				"LD_RUNPATH_SEARCH_PATHS[sdk=macosx*]" = "@executable_path/../Frameworks";
				MACOSX_DEPLOYMENT_TARGET = 15.5;
				MARKETING_VERSION = 1.0;
				PRODUCT_BUNDLE_IDENTIFIER = "com.colinchu.lyft-up";
				PRODUCT_NAME = "$(TARGET_NAME)";
				REGISTER_APP_GROUPS = YES;
				SDKROOT = auto;
				SUPPORTED_PLATFORMS = "iphoneos iphonesimulator macosx xros xrsimulator";
				SWIFT_EMIT_LOC_STRINGS = YES;
				SWIFT_VERSION = 5.0;
				TARGETED_DEVICE_FAMILY = "1,2,7";
				XROS_DEPLOYMENT_TARGET = 2.5;
			};
			name = Release;
		};
		5EFC556B2E44227100F7CC2C /* Debug */ = {
			isa = XCBuildConfiguration;
			buildSettings = {
				BUNDLE_LOADER = "$(TEST_HOST)";
				CODE_SIGN_STYLE = Automatic;
				CURRENT_PROJECT_VERSION = 1;
				DEVELOPMENT_TEAM = LQ9M637DN6;
				GENERATE_INFOPLIST_FILE = YES;
				IPHONEOS_DEPLOYMENT_TARGET = 18.5;
				MACOSX_DEPLOYMENT_TARGET = 15.5;
				MARKETING_VERSION = 1.0;
				PRODUCT_BUNDLE_IDENTIFIER = "com.colinchu.lyft-upTests";
				PRODUCT_NAME = "$(TARGET_NAME)";
				SDKROOT = auto;
				SUPPORTED_PLATFORMS = "iphoneos iphonesimulator macosx xros xrsimulator";
				SWIFT_EMIT_LOC_STRINGS = NO;
				SWIFT_VERSION = 5.0;
				TARGETED_DEVICE_FAMILY = "1,2,7";
				TEST_HOST = "$(BUILT_PRODUCTS_DIR)/lyft-up.app/$(BUNDLE_EXECUTABLE_FOLDER_PATH)/lyft-up";
				XROS_DEPLOYMENT_TARGET = 2.5;
			};
			name = Debug;
		};
		5EFC556C2E44227100F7CC2C /* Release */ = {
			isa = XCBuildConfiguration;
			buildSettings = {
				BUNDLE_LOADER = "$(TEST_HOST)";
				CODE_SIGN_STYLE = Automatic;
				CURRENT_PROJECT_VERSION = 1;
				DEVELOPMENT_TEAM = LQ9M637DN6;
				GENERATE_INFOPLIST_FILE = YES;
				IPHONEOS_DEPLOYMENT_TARGET = 18.5;
				MACOSX_DEPLOYMENT_TARGET = 15.5;
				MARKETING_VERSION = 1.0;
				PRODUCT_BUNDLE_IDENTIFIER = "com.colinchu.lyft-upTests";
				PRODUCT_NAME = "$(TARGET_NAME)";
				SDKROOT = auto;
				SUPPORTED_PLATFORMS = "iphoneos iphonesimulator macosx xros xrsimulator";
				SWIFT_EMIT_LOC_STRINGS = NO;
				SWIFT_VERSION = 5.0;
				TARGETED_DEVICE_FAMILY = "1,2,7";
				TEST_HOST = "$(BUILT_PRODUCTS_DIR)/lyft-up.app/$(BUNDLE_EXECUTABLE_FOLDER_PATH)/lyft-up";
				XROS_DEPLOYMENT_TARGET = 2.5;
			};
			name = Release;
		};
		5EFC556E2E44227100F7CC2C /* Debug */ = {
			isa = XCBuildConfiguration;
			buildSettings = {
				CODE_SIGN_STYLE = Automatic;
				CURRENT_PROJECT_VERSION = 1;
				DEVELOPMENT_TEAM = LQ9M637DN6;
				GENERATE_INFOPLIST_FILE = YES;
				IPHONEOS_DEPLOYMENT_TARGET = 18.5;
				MACOSX_DEPLOYMENT_TARGET = 15.5;
				MARKETING_VERSION = 1.0;
				PRODUCT_BUNDLE_IDENTIFIER = "com.colinchu.lyft-upUITests";
				PRODUCT_NAME = "$(TARGET_NAME)";
				SDKROOT = auto;
				SUPPORTED_PLATFORMS = "iphoneos iphonesimulator macosx xros xrsimulator";
				SWIFT_EMIT_LOC_STRINGS = NO;
				SWIFT_VERSION = 5.0;
				TARGETED_DEVICE_FAMILY = "1,2,7";
				TEST_TARGET_NAME = "lyft-up";
				XROS_DEPLOYMENT_TARGET = 2.5;
			};
			name = Debug;
		};
		5EFC556F2E44227100F7CC2C /* Release */ = {
			isa = XCBuildConfiguration;
			buildSettings = {
				CODE_SIGN_STYLE = Automatic;
				CURRENT_PROJECT_VERSION = 1;
				DEVELOPMENT_TEAM = LQ9M637DN6;
				GENERATE_INFOPLIST_FILE = YES;
				IPHONEOS_DEPLOYMENT_TARGET = 18.5;
				MACOSX_DEPLOYMENT_TARGET = 15.5;
				MARKETING_VERSION = 1.0;
				PRODUCT_BUNDLE_IDENTIFIER = "com.colinchu.lyft-upUITests";
				PRODUCT_NAME = "$(TARGET_NAME)";
				SDKROOT = auto;
				SUPPORTED_PLATFORMS = "iphoneos iphonesimulator macosx xros xrsimulator";
				SWIFT_EMIT_LOC_STRINGS = NO;
				SWIFT_VERSION = 5.0;
				TARGETED_DEVICE_FAMILY = "1,2,7";
				TEST_TARGET_NAME = "lyft-up";
				XROS_DEPLOYMENT_TARGET = 2.5;
			};
			name = Release;
		};
/* End XCBuildConfiguration section */

/* Begin XCConfigurationList section */
		5EFC55402E44226E00F7CC2C /* Build configuration list for PBXProject "lyft-up" */ = {
			isa = XCConfigurationList;
			buildConfigurations = (
				5EFC55652E44227100F7CC2C /* Debug */,
				5EFC55662E44227100F7CC2C /* Release */,
			);
			defaultConfigurationIsVisible = 0;
			defaultConfigurationName = Release;
		};
		5EFC55672E44227100F7CC2C /* Build configuration list for PBXNativeTarget "lyft-up" */ = {
			isa = XCConfigurationList;
			buildConfigurations = (
				5EFC55682E44227100F7CC2C /* Debug */,
				5EFC55692E44227100F7CC2C /* Release */,
			);
			defaultConfigurationIsVisible = 0;
			defaultConfigurationName = Release;
		};
		5EFC556A2E44227100F7CC2C /* Build configuration list for PBXNativeTarget "lyft-upTests" */ = {
			isa = XCConfigurationList;
			buildConfigurations = (
				5EFC556B2E44227100F7CC2C /* Debug */,
				5EFC556C2E44227100F7CC2C /* Release */,
			);
			defaultConfigurationIsVisible = 0;
			defaultConfigurationName = Release;
		};
		5EFC556D2E44227100F7CC2C /* Build configuration list for PBXNativeTarget "lyft-upUITests" */ = {
			isa = XCConfigurationList;
			buildConfigurations = (
				5EFC556E2E44227100F7CC2C /* Debug */,
				5EFC556F2E44227100F7CC2C /* Release */,
			);
			defaultConfigurationIsVisible = 0;
			defaultConfigurationName = Release;
		};
/* End XCConfigurationList section */

/* Begin XCRemoteSwiftPackageReference section */
		5E5CFC0C2E459C610096813B /* XCRemoteSwiftPackageReference "firebase-ios-sdk" */ = {
			isa = XCRemoteSwiftPackageReference;
			repositoryURL = "https://github.com/firebase/firebase-ios-sdk";
			requirement = {
				kind = upToNextMajorVersion;
				minimumVersion = 12.1.0;
			};
		};
/* End XCRemoteSwiftPackageReference section */

/* Begin XCSwiftPackageProductDependency section */
		5E5CFC0D2E459C610096813B /* FirebaseAnalytics */ = {
			isa = XCSwiftPackageProductDependency;
			package = 5E5CFC0C2E459C610096813B /* XCRemoteSwiftPackageReference "firebase-ios-sdk" */;
			productName = FirebaseAnalytics;
		};
		5E5CFC0F2E459E770096813B /* FirebaseAuth */ = {
			isa = XCSwiftPackageProductDependency;
			package = 5E5CFC0C2E459C610096813B /* XCRemoteSwiftPackageReference "firebase-ios-sdk" */;
			productName = FirebaseAuth;
		};
		5E5CFC112E459E770096813B /* FirebaseCore */ = {
			isa = XCSwiftPackageProductDependency;
			package = 5E5CFC0C2E459C610096813B /* XCRemoteSwiftPackageReference "firebase-ios-sdk" */;
			productName = FirebaseCore;
		};
		5E5CFC132E459E770096813B /* FirebaseFirestore */ = {
			isa = XCSwiftPackageProductDependency;
			package = 5E5CFC0C2E459C610096813B /* XCRemoteSwiftPackageReference "firebase-ios-sdk" */;
			productName = FirebaseFirestore;
		};
/* End XCSwiftPackageProductDependency section */
	};
	rootObject = 5EFC553D2E44226E00F7CC2C /* Project object */;
}
